schema: '2.0'
stages:
  data_ingestion:
    cmd: python src\LeadGen\pipelines\pip_01_data_ingestion.py
    deps:
    - path: config\data-ingestion.yaml
      hash: md5
      md5: e66e199066513f0d609f88db0f7cd0a3
      size: 313
    - path: src\LeadGen\pipelines\pip_01_data_ingestion.py
      hash: md5
      md5: f5d0b4ba087e40e1fb985eb72f82471f
      size: 1308
    outs:
    - path: artifacts\data_ingestion\data-ingestion-metadata.json
      hash: md5
      md5: e7434c412a6404f228ee2e3e690c4b0e
      size: 251
    - path: artifacts\data_ingestion\lead.csv
      hash: md5
      md5: 3469b374d1933d65c02c5d685a500923
      size: 2430556
  data_validation:
    cmd: python src\LeadGen\pipelines\pip_02_data_validation.py
    deps:
    - path: config\data-validation.yaml
      hash: md5
      md5: aeb6cbb68a34c95c89a4d8c0fb2089c4
      size: 1437
    - path: src\LeadGen\pipelines\pip_02_data_validation.py
      hash: md5
      md5: 711bcc9c90c8a2b0f240a1750503075b
      size: 1433
    outs:
    - path: artifacts\data_validation\status.json
      hash: md5
      md5: 600476ed9deea5b977b69f00711e48ee
      size: 145
  model_training:
    cmd: python src\LeadGen\pipelines\pip_04_model_trainer.py
    deps:
    - path: config\model-trainer.yaml
      hash: md5
      md5: bcbb8d1da5ea6f3bb9b4d1e46bb56dd7
      size: 510
    - path: params.yaml
      hash: md5
      md5: f5a756464554cce8dcbba029d30fbda6
      size: 219
    - path: src\LeadGen\pipelines\pip_04_model_trainer.py
      hash: md5
      md5: d9d391db6a242ea5fe76b1c71b8ee24c
      size: 1105
    outs:
    - path: artifacts\model_trainer\model-val-metric.json
      hash: md5
      md5: 8146904ea785410bedb3559e8bdb5eda
      size: 2478
    - path: artifacts\model_trainer\model_epoch_1.pt
      hash: md5
      md5: d47831dfe708a1eca6f4bc33935c0ccc
      size: 4679
    - path: artifacts\model_trainer\model_epoch_10.pt
      hash: md5
      md5: 3a90f29e281f8413de8dc7cd8eeeb8c2
      size: 4687
    - path: artifacts\model_trainer\model_epoch_11.pt
      hash: md5
      md5: 36cbc3a7793eaaaaffac8fdb5ee876a8
      size: 4687
    - path: artifacts\model_trainer\model_epoch_12.pt
      hash: md5
      md5: 1ab725346e8aff61453b2063918fd46f
      size: 4687
    - path: artifacts\model_trainer\model_epoch_13.pt
      hash: md5
      md5: 32f56e1014150de0f71523d02ea4c7d0
      size: 4687
    - path: artifacts\model_trainer\model_epoch_14.pt
      hash: md5
      md5: d83df3446c2f4c537026418b0ce9f58d
      size: 4687
    - path: artifacts\model_trainer\model_epoch_15.pt
      hash: md5
      md5: ca92b9322d2b3ba52633078651100fd8
      size: 4687
    - path: artifacts\model_trainer\model_epoch_16.pt
      hash: md5
      md5: d7a3e4e68f5161a4cfb5a36ae7dfdb35
      size: 4687
    - path: artifacts\model_trainer\model_epoch_17.pt
      hash: md5
      md5: b9bec869d2d9b358d7af61a00b085dcb
      size: 4687
    - path: artifacts\model_trainer\model_epoch_18.pt
      hash: md5
      md5: a0b6b9d32ab1420c2b849e351cee4854
      size: 4687
    - path: artifacts\model_trainer\model_epoch_19.pt
      hash: md5
      md5: a7b6fecdfe2ba11e1c096b3060687446
      size: 4687
    - path: artifacts\model_trainer\model_epoch_2.pt
      hash: md5
      md5: 614e7f762698f9cdb9c71c3cf1426435
      size: 4679
    - path: artifacts\model_trainer\model_epoch_20.pt
      hash: md5
      md5: 070a32ceb46d9302ae2f690e89ef216d
      size: 4687
    - path: artifacts\model_trainer\model_epoch_3.pt
      hash: md5
      md5: be7477c1850261803f49a6c09ba9487a
      size: 4679
    - path: artifacts\model_trainer\model_epoch_4.pt
      hash: md5
      md5: 319524efa461ac8ad2afd224ab08edca
      size: 4679
    - path: artifacts\model_trainer\model_epoch_5.pt
      hash: md5
      md5: b908ba2878c61ea2723001a633654aed
      size: 4679
    - path: artifacts\model_trainer\model_epoch_6.pt
      hash: md5
      md5: 5766b83348721d68680d24a80ac03e27
      size: 4679
    - path: artifacts\model_trainer\model_epoch_7.pt
      hash: md5
      md5: 93e8f22b3bf337488330b4e1005dbcbc
      size: 4679
    - path: artifacts\model_trainer\model_epoch_8.pt
      hash: md5
      md5: 43bf93038531810c04a0fba783d1ad8e
      size: 4679
    - path: artifacts\model_trainer\model_epoch_9.pt
      hash: md5
      md5: 12c8735b459fe00e4dd0c85bd211640e
      size: 4679
    - path: artifacts\model_trainer\training_validation_metrics.png
      hash: md5
      md5: f59308bf4c083a8a98e3e25f563c30ad
      size: 54681
  model_evaluation:
    cmd: python src\LeadGen\pipelines\pip_05_model_evaluation.py
    deps:
    - path: config\model-evaluation.yaml
      hash: md5
      md5: 858ccc090a6ddcea45177e4d8aa00749
      size: 858
    - path: params.yaml
      hash: md5
      md5: f5a756464554cce8dcbba029d30fbda6
      size: 219
    - path: src\LeadGen\pipelines\pip_05_model_evaluation.py
      hash: md5
      md5: e31271fafd231dfbde5c501c97686efb
      size: 1177
    outs:
    - path: artifacts\model_evaluation\classification_rep.png
      hash: md5
      md5: e24bd387641447eda495a866470d0458
      size: 86995
    - path: artifacts\model_evaluation\classification_rep.txt
      hash: md5
      md5: 037a070943d02148317861ca444f153d
      size: 334
    - path: artifacts\model_evaluation\confusion_matrix.png
      hash: md5
      md5: 9963723ae67da5b25a50803fa1cd0968
      size: 20078
    - path: artifacts\model_evaluation\confusion_matrix_rep.txt
      hash: md5
      md5: 261400d74107cce8bc6460d7f1e9dcd2
      size: 23
    - path: artifacts\model_evaluation\metrics.json
      hash: md5
      md5: 5fb6d4c46e531dcc3c72b0bf842db2f6
      size: 74
    - path: artifacts\model_evaluation\pr_auc.png
      hash: md5
      md5: c7161630b18ba1a2478c78e189b79d3a
      size: 23920
    - path: artifacts\model_evaluation\roc_auc.png
      hash: md5
      md5: 12021fc69f149274c554aab0de50cbfd
      size: 29504
